
Microsoft Visual Studio Solution File, Format Version 12.00
# Visual Studio Version 17
VisualStudioVersion = 17.2.32630.192
MinimumVisualStudioVersion = 10.0.40219.1
Project("{9A19103F-16F7-4668-BE54-9A1E7A4F7556}") = "Core", "Core\Core.csproj", "{58A80B92-180E-4FBF-94F4-C68061A01EA5}"
EndProject
Project("{9A19103F-16F7-4668-BE54-9A1E7A4F7556}") = "Dal", "Dal\Dal.csproj", "{17B4F51B-F0FE-4855-ABD6-AF4421D1836E}"
EndProject
Project("{9A19103F-16F7-4668-BE54-9A1E7A4F7556}") = "Entities", "Entities\Entities.csproj", "{1C4D8596-2032-4887-B4BF-AF3803D8E760}"
EndProject
Project("{9A19103F-16F7-4668-BE54-9A1E7A4F7556}") = "Business", "Business\Business.csproj", "{EC0B357E-D658-47DC-8A2C-DA28D1EAEBE4}"
EndProject
Project("{FAE04EC0-301F-11D3-BF4B-00C04F79EFBC}") = "SwapApi", "SwapApi\SwapApi.csproj", "{360B1737-7B33-42F4-A0D8-97B311D4D003}"
EndProject
Global
	GlobalSection(SolutionConfigurationPlatforms) = preSolution
		Debug|Any CPU = Debug|Any CPU
		Release|Any CPU = Release|Any CPU
	EndGlobalSection
	GlobalSection(ProjectConfigurationPlatforms) = postSolution
		{58A80B92-180E-4FBF-94F4-C68061A01EA5}.Debug|Any CPU.ActiveCfg = Debug|Any CPU
		{58A80B92-180E-4FBF-94F4-C68061A01EA5}.Debug|Any CPU.Build.0 = Debug|Any CPU
		{58A80B92-180E-4FBF-94F4-C68061A01EA5}.Release|Any CPU.ActiveCfg = Release|Any CPU
		{58A80B92-180E-4FBF-94F4-C68061A01EA5}.Release|Any CPU.Build.0 = Release|Any CPU
		{17B4F51B-F0FE-4855-ABD6-AF4421D1836E}.Debug|Any CPU.ActiveCfg = Debug|Any CPU
		{17B4F51B-F0FE-4855-ABD6-AF4421D1836E}.Debug|Any CPU.Build.0 = Debug|Any CPU
		{17B4F51B-F0FE-4855-ABD6-AF4421D1836E}.Release|Any CPU.ActiveCfg = Release|Any CPU
		{17B4F51B-F0FE-4855-ABD6-AF4421D1836E}.Release|Any CPU.Build.0 = Release|Any CPU
		{1C4D8596-2032-4887-B4BF-AF3803D8E760}.Debug|Any CPU.ActiveCfg = Debug|Any CPU
		{1C4D8596-2032-4887-B4BF-AF3803D8E760}.Debug|Any CPU.Build.0 = Debug|Any CPU
		{1C4D8596-2032-4887-B4BF-AF3803D8E760}.Release|Any CPU.ActiveCfg = Release|Any CPU
		{1C4D8596-2032-4887-B4BF-AF3803D8E760}.Release|Any CPU.Build.0 = Release|Any CPU
		{EC0B357E-D658-47DC-8A2C-DA28D1EAEBE4}.Debug|Any CPU.ActiveCfg = Debug|Any CPU
		{EC0B357E-D658-47DC-8A2C-DA28D1EAEBE4}.Debug|Any CPU.Build.0 = Debug|Any CPU
		{EC0B357E-D658-47DC-8A2C-DA28D1EAEBE4}.Release|Any CPU.ActiveCfg = Release|Any CPU
		{EC0B357E-D658-47DC-8A2C-DA28D1EAEBE4}.Release|Any CPU.Build.0 = Release|Any CPU
		{360B1737-7B33-42F4-A0D8-97B311D4D003}.Debug|Any CPU.ActiveCfg = Debug|Any CPU
		{360B1737-7B33-42F4-A0D8-97B311D4D003}.Debug|Any CPU.Build.0 = Debug|Any CPU
		{360B1737-7B33-42F4-A0D8-97B311D4D003}.Release|Any CPU.ActiveCfg = Release|Any CPU
		{360B1737-7B33-42F4-A0D8-97B311D4D003}.Release|Any CPU.Build.0 = Release|Any CPU
	EndGlobalSection
	GlobalSection(SolutionProperties) = preSolution
		HideSolutionNode = FALSE
	EndGlobalSection
	GlobalSection(ExtensibilityGlobals) = postSolution
		SolutionGuid = {03831DD7-4F19-4605-B870-532CE3877710}
	EndGlobalSection
EndGlobal
